{
  "requires": true,
  "lockfileVersion": 1,
  "dependencies": {
    "@popperjs/core": {
      "version": "2.4.0",
      "resolved": "https://registry.npmjs.org/@popperjs/core/-/core-2.4.0.tgz",
      "integrity": "sha512-NMrDy6EWh9TPdSRiHmHH2ye1v5U0gBD7pRYwSwJvomx7Bm4GG04vu63dYiVzebLOx2obPpJugew06xVP0Nk7hA=="
    },
    "body-scroll-lock": {
      "version": "3.0.2",
      "resolved": "https://registry.npmjs.org/body-scroll-lock/-/body-scroll-lock-3.0.2.tgz",
      "integrity": "sha512-PtItUun94iIupKry8J/h6SfRCLWZnly77KbPsTSKALmxfR282L8R0Ujkv7bydSZvLxAJS4sBJ3y/E6X8gYkGrQ=="
    },
    "js-tokens": {
      "version": "4.0.0",
      "resolved": "https://registry.npmjs.org/js-tokens/-/js-tokens-4.0.0.tgz",
      "integrity": "sha512-RdJUflcE3cUzKiMqQgsCu06FPu9UdIJO0beYbPhHN4k6apgJtifcoCtT9bcxOpYBtpD2kCM6Sbzg4CausW/PKQ=="
    },
    "loose-envify": {
      "version": "1.4.0",
      "resolved": "https://registry.npmjs.org/loose-envify/-/loose-envify-1.4.0.tgz",
      "integrity": "sha512-lyuxPGr/Wfhrlem2CL/UcnUc1zcqKAImBDzukY7Y5F/yQiNdko6+fRLevlw1HgMySw7f611UIY408EtxRSoK3Q==",
      "requires": {
        "js-tokens": "^3.0.0 || ^4.0.0"
      }
    },
    "object-assign": {
      "version": "4.1.1",
      "resolved": "https://registry.npmjs.org/object-assign/-/object-assign-4.1.1.tgz",
      "integrity": "sha1-IQmtx5ZYh8/AXLvUQsrIv7s2CGM="
    },
    "prop-types": {
      "version": "15.7.2",
      "resolved": "https://registry.npmjs.org/prop-types/-/prop-types-15.7.2.tgz",
      "integrity": "sha512-8QQikdH7//R2vurIJSutZ1smHYTcLpRWEOlHnzcWHmBYrOGUysKwSsrC89BCiFj3CbrfJ/nXFdJepOVrY1GCHQ==",
      "requires": {
        "loose-envify": "^1.4.0",
        "object-assign": "^4.1.1",
        "react-is": "^16.8.1"
      }
    },
    "react": {
      "version": "16.13.1",
      "resolved": "https://registry.npmjs.org/react/-/react-16.13.1.tgz",
      "integrity": "sha512-YMZQQq32xHLX0bz5Mnibv1/LHb3Sqzngu7xstSM+vrkE5Kzr9xE0yMByK5kMoTK30YVJE61WfbxIFFvfeDKT1w==",
      "requires": {
        "loose-envify": "^1.1.0",
        "object-assign": "^4.1.1",
        "prop-types": "^15.6.2"
      }
    },
    "react-dom": {
      "version": "16.13.1",
      "resolved": "https://registry.npmjs.org/react-dom/-/react-dom-16.13.1.tgz",
      "integrity": "sha512-81PIMmVLnCNLO/fFOQxdQkvEq/+Hfpv24XNJfpyZhTRfO0QcmQIF/PgCa1zCOj2w1hrn12MFLyaJ/G0+Mxtfag==",
      "requires": {
        "loose-envify": "^1.1.0",
        "object-assign": "^4.1.1",
        "prop-types": "^15.6.2",
        "scheduler": "^0.19.1"
      }
    },
    "react-is": {
      "version": "16.13.1",
      "resolved": "https://registry.npmjs.org/react-is/-/react-is-16.13.1.tgz",
      "integrity": "sha512-24e6ynE2H+OKt4kqsOvNd8kBpV65zoxbA4BVsEOB3ARVWQki/DHzaUoC5KuON/BiccDaCCTZBuOcfZs70kR8bQ=="
    },
    "reakit": {
      "version": "1.0.2",
      "resolved": "https://registry.npmjs.org/reakit/-/reakit-1.0.2.tgz",
      "integrity": "sha512-l1yvXm9sjVGljsVxoPoSOWwsZWVMJZI7nWEgY+HqzPcsVH483F64oLamj21uCAbwpxfaEkQ/hS5g9RAbdfGEog==",
      "requires": {
        "@popperjs/core": "^2.4.0",
        "body-scroll-lock": "^3.0.2",
        "reakit-system": "^0.12.1",
        "reakit-utils": "^0.12.0",
        "reakit-warning": "^0.3.0"
      }
    },
    "reakit-system": {
      "version": "0.12.1",
      "resolved": "https://registry.npmjs.org/reakit-system/-/reakit-system-0.12.1.tgz",
      "integrity": "sha512-92NRBxCHslIkME4y2Z5jPAOESiBbkOF2g0LE2FiPSzZwdJ9/geWfhP50y/WFAO1WIFChVREATSXqng1xhWGwwg==",
      "requires": {
        "reakit-utils": "^0.12.0"
      }
    },
    "reakit-utils": {
      "version": "0.12.0",
      "resolved": "https://registry.npmjs.org/reakit-utils/-/reakit-utils-0.12.0.tgz",
      "integrity": "sha512-B0KUjRDu0GFDTi+FQApm4gynJGn18DuDdgCtcUytkN/AIJdKGaqHJ6FpeE1zMr1KAAUzZKrRqq/x93MrcQtvfQ=="
    },
    "reakit-warning": {
      "version": "0.3.0",
      "resolved": "https://registry.npmjs.org/reakit-warning/-/reakit-warning-0.3.0.tgz",
      "integrity": "sha512-sJhgKQl6b4BZOo8jAXpneYFuAkx4wuftGl5KiIDAQZWg+e8YfB41QayjqM2eh0mQkG13hbc4pBOAyR5oFZxK0w==",
      "requires": {
        "reakit-utils": "^0.12.0"
      }
    },
    "scheduler": {
      "version": "0.19.1",
      "resolved": "https://registry.npmjs.org/scheduler/-/scheduler-0.19.1.tgz",
      "integrity": "sha512-n/zwRWRYSUj0/3g/otKDRPMh6qv2SYMWNq85IEa8iZyAv8od9zDYpGSnpBEjNgcMNq6Scbu5KfIPxNF72R/2EA==",
      "requires": {
        "loose-envify": "^1.1.0",
        "object-assign": "^4.1.1"
      }
    }
  }
}
